
Microsoft Visual Studio Solution File, Format Version 12.00
# Visual Studio Version 16
VisualStudioVersion = 16.0.29403.142
MinimumVisualStudioVersion = 10.0.40219.1
Project("{FAE04EC0-301F-11D3-BF4B-00C04F79EFBC}") = "Bank Accounts", "S5t2\Bank Accounts.csproj", "{D932E340-BAD4-4C3E-9A98-069E104D63C1}"
EndProject
Global
	GlobalSection(SolutionConfigurationPlatforms) = preSolution
		Debug|Any CPU = Debug|Any CPU
		Release|Any CPU = Release|Any CPU
	EndGlobalSection
	GlobalSection(ProjectConfigurationPlatforms) = postSolution
		{D932E340-BAD4-4C3E-9A98-069E104D63C1}.Debug|Any CPU.ActiveCfg = Debug|Any CPU
		{D932E340-BAD4-4C3E-9A98-069E104D63C1}.Debug|Any CPU.Build.0 = Debug|Any CPU
		{D932E340-BAD4-4C3E-9A98-069E104D63C1}.Release|Any CPU.ActiveCfg = Release|Any CPU
		{D932E340-BAD4-4C3E-9A98-069E104D63C1}.Release|Any CPU.Build.0 = Release|Any CPU
	EndGlobalSection
	GlobalSection(SolutionProperties) = preSolution
		HideSolutionNode = FALSE
	EndGlobalSection
	GlobalSection(ExtensibilityGlobals) = postSolution
		SolutionGuid = {837A07D4-5BB9-4EF2-80A0-12EC2E6ACAB0}
	EndGlobalSection
EndGlobal
